{
  "name": "fireproj",
  "lockfileVersion": 2,
  "requires": true,
  "packages": {
    "": {
      "devDependencies": {
        "@types/mapbox-gl": "^2.7.12"
      }
    },
    "node_modules/@types/geojson": {
      "version": "7946.0.10",
      "resolved": "https://registry.npmjs.org/@types/geojson/-/geojson-7946.0.10.tgz",
      "integrity": "sha512-Nmh0K3iWQJzniTuPRcJn5hxXkfB1T1pgB89SBig5PlJQU5yocazeu4jATJlaA0GYFKWMqDdvYemoSnF2pXgLVA==",
      "dev": true
    },
    "node_modules/@types/mapbox-gl": {
      "version": "2.7.12",
      "resolved": "https://registry.npmjs.org/@types/mapbox-gl/-/mapbox-gl-2.7.12.tgz",
      "integrity": "sha512-aEMMOWlSTn2lp0liLqHsI/vAkV8858mkhn4fFYZELdLO1o6PEKCkkUfQ/GBp603Xfc3xmasLZsoELJBbje+atw==",
      "dev": true,
      "dependencies": {
        "@types/geojson": "*"
      }
    }
  },
  "dependencies": {
    "@types/geojson": {
      "version": "7946.0.10",
      "resolved": "https://registry.npmjs.org/@types/geojson/-/geojson-7946.0.10.tgz",
      "integrity": "sha512-Nmh0K3iWQJzniTuPRcJn5hxXkfB1T1pgB89SBig5PlJQU5yocazeu4jATJlaA0GYFKWMqDdvYemoSnF2pXgLVA==",
      "dev": true
    },
    "@types/mapbox-gl": {
      "version": "2.7.12",
      "resolved": "https://registry.npmjs.org/@types/mapbox-gl/-/mapbox-gl-2.7.12.tgz",
      "integrity": "sha512-aEMMOWlSTn2lp0liLqHsI/vAkV8858mkhn4fFYZELdLO1o6PEKCkkUfQ/GBp603Xfc3xmasLZsoELJBbje+atw==",
      "dev": true,
      "requires": {
        "@types/geojson": "*"
      }
    }
  }
}
